// !$*UTF8*$!
{
	archiveVersion = 1;
	classes = {
	};
	objectVersion = 46;
	objects = {

/* Begin PBXBuildFile section */
		2D24959C37D4AB73629F4BC3 /* libPods-RottenTomatoes.a in Frameworks */ = {isa = PBXBuildFile; fileRef = F26F938CB977007A983C97F4 /* libPods-RottenTomatoes.a */; };
		AAF547D91BD82FB40041D4EE /* main.m in Sources */ = {isa = PBXBuildFile; fileRef = AAF547D81BD82FB40041D4EE /* main.m */; };
		AAF547DC1BD82FB40041D4EE /* AppDelegate.m in Sources */ = {isa = PBXBuildFile; fileRef = AAF547DB1BD82FB40041D4EE /* AppDelegate.m */; };
		AAF547DF1BD82FB40041D4EE /* MoviesViewController.m in Sources */ = {isa = PBXBuildFile; fileRef = AAF547DE1BD82FB40041D4EE /* MoviesViewController.m */; };
		AAF547E21BD82FB40041D4EE /* Main.storyboard in Resources */ = {isa = PBXBuildFile; fileRef = AAF547E01BD82FB40041D4EE /* Main.storyboard */; };
		AAF547E41BD82FB40041D4EE /* Assets.xcassets in Resources */ = {isa = PBXBuildFile; fileRef = AAF547E31BD82FB40041D4EE /* Assets.xcassets */; };
		AAF547E71BD82FB40041D4EE /* LaunchScreen.storyboard in Resources */ = {isa = PBXBuildFile; fileRef = AAF547E51BD82FB40041D4EE /* LaunchScreen.storyboard */; };
		AAF547F01BD8301E0041D4EE /* MoviesTableViewCell.m in Sources */ = {isa = PBXBuildFile; fileRef = AAF547EF1BD8301E0041D4EE /* MoviesTableViewCell.m */; settings = {ASSET_TAGS = (); }; };
		AAF547F41BD866BE0041D4EE /* MovieDetailsViewController.m in Sources */ = {isa = PBXBuildFile; fileRef = AAF547F21BD866BE0041D4EE /* MovieDetailsViewController.m */; settings = {ASSET_TAGS = (); }; };
/* End PBXBuildFile section */

/* Begin PBXFileReference section */
		01E1ECF5877BF58361D64DAB /* Pods-RottenTomatoes.debug.xcconfig */ = {isa = PBXFileReference; includeInIndex = 1; lastKnownFileType = text.xcconfig; name = "Pods-RottenTomatoes.debug.xcconfig"; path = "Pods/Target Support Files/Pods-RottenTomatoes/Pods-RottenTomatoes.debug.xcconfig"; sourceTree = "<group>"; };
		AAF547D41BD82FB40041D4EE /* RottenTomatoes.app */ = {isa = PBXFileReference; explicitFileType = wrapper.application; includeInIndex = 0; path = RottenTomatoes.app; sourceTree = BUILT_PRODUCTS_DIR; };
		AAF547D81BD82FB40041D4EE /* main.m */ = {isa = PBXFileReference; lastKnownFileType = sourcecode.c.objc; path = main.m; sourceTree = "<group>"; };
		AAF547DA1BD82FB40041D4EE /* AppDelegate.h */ = {isa = PBXFileReference; lastKnownFileType = sourcecode.c.h; path = AppDelegate.h; sourceTree = "<group>"; };
		AAF547DB1BD82FB40041D4EE /* AppDelegate.m */ = {isa = PBXFileReference; lastKnownFileType = sourcecode.c.objc; path = AppDelegate.m; sourceTree = "<group>"; };
		AAF547DD1BD82FB40041D4EE /* MoviesViewController.h */ = {isa = PBXFileReference; lastKnownFileType = sourcecode.c.h; path = MoviesViewController.h; sourceTree = "<group>"; };
		AAF547DE1BD82FB40041D4EE /* MoviesViewController.m */ = {isa = PBXFileReference; lastKnownFileType = sourcecode.c.objc; path = MoviesViewController.m; sourceTree = "<group>"; };
		AAF547E11BD82FB40041D4EE /* Base */ = {isa = PBXFileReference; lastKnownFileType = file.storyboard; name = Base; path = Base.lproj/Main.storyboard; sourceTree = "<group>"; };
		AAF547E31BD82FB40041D4EE /* Assets.xcassets */ = {isa = PBXFileReference; lastKnownFileType = folder.assetcatalog; path = Assets.xcassets; sourceTree = "<group>"; };
		AAF547E61BD82FB40041D4EE /* Base */ = {isa = PBXFileReference; lastKnownFileType = file.storyboard; name = Base; path = Base.lproj/LaunchScreen.storyboard; sourceTree = "<group>"; };
		AAF547E81BD82FB40041D4EE /* Info.plist */ = {isa = PBXFileReference; lastKnownFileType = text.plist.xml; path = Info.plist; sourceTree = "<group>"; };
		AAF547EE1BD8301E0041D4EE /* MoviesTableViewCell.h */ = {isa = PBXFileReference; fileEncoding = 4; lastKnownFileType = sourcecode.c.h; name = MoviesTableViewCell.h; path = ../MoviesTableViewCell.h; sourceTree = "<group>"; };
		AAF547EF1BD8301E0041D4EE /* MoviesTableViewCell.m */ = {isa = PBXFileReference; fileEncoding = 4; lastKnownFileType = sourcecode.c.objc; name = MoviesTableViewCell.m; path = ../MoviesTableViewCell.m; sourceTree = "<group>"; };
		AAF547F11BD866BE0041D4EE /* MovieDetailsViewController.h */ = {isa = PBXFileReference; fileEncoding = 4; lastKnownFileType = sourcecode.c.h; name = MovieDetailsViewController.h; path = ../../RottenTomatoesOLD/RottenTomatoes/MovieDetailsViewController.h; sourceTree = "<group>"; };
		AAF547F21BD866BE0041D4EE /* MovieDetailsViewController.m */ = {isa = PBXFileReference; fileEncoding = 4; lastKnownFileType = sourcecode.c.objc; name = MovieDetailsViewController.m; path = ../../RottenTomatoesOLD/RottenTomatoes/MovieDetailsViewController.m; sourceTree = "<group>"; };
		B1BD1549BB12FEADE3DC9D6A /* Pods-RottenTomatoes.release.xcconfig */ = {isa = PBXFileReference; includeInIndex = 1; lastKnownFileType = text.xcconfig; name = "Pods-RottenTomatoes.release.xcconfig"; path = "Pods/Target Support Files/Pods-RottenTomatoes/Pods-RottenTomatoes.release.xcconfig"; sourceTree = "<group>"; };
		F26F938CB977007A983C97F4 /* libPods-RottenTomatoes.a */ = {isa = PBXFileReference; explicitFileType = archive.ar; includeInIndex = 0; path = "libPods-RottenTomatoes.a"; sourceTree = BUILT_PRODUCTS_DIR; };
/* End PBXFileReference section */

/* Begin PBXFrameworksBuildPhase section */
		AAF547D11BD82FB40041D4EE /* Frameworks */ = {
			isa = PBXFrameworksBuildPhase;
			buildActionMask = 2147483647;
			files = (
				2D24959C37D4AB73629F4BC3 /* libPods-RottenTomatoes.a in Frameworks */,
			);
			runOnlyForDeploymentPostprocessing = 0;
		};
/* End PBXFrameworksBuildPhase section */

/* Begin PBXGroup section */
		86C1BEC4251B5A5530D795FF /* Pods */ = {
			isa = PBXGroup;
			children = (
				01E1ECF5877BF58361D64DAB /* Pods-RottenTomatoes.debug.xcconfig */,
				B1BD1549BB12FEADE3DC9D6A /* Pods-RottenTomatoes.release.xcconfig */,
			);
			name = Pods;
			sourceTree = "<group>";
		};
		A4823C185254F1A0D05BBDA4 /* Frameworks */ = {
			isa = PBXGroup;
			children = (
				F26F938CB977007A983C97F4 /* libPods-RottenTomatoes.a */,
			);
			name = Frameworks;
			sourceTree = "<group>";
		};
		AAF547CB1BD82FB40041D4EE = {
			isa = PBXGroup;
			children = (
				AAF547D61BD82FB40041D4EE /* RottenTomatoes */,
				AAF547D51BD82FB40041D4EE /* Products */,
				86C1BEC4251B5A5530D795FF /* Pods */,
				A4823C185254F1A0D05BBDA4 /* Frameworks */,
			);
			sourceTree = "<group>";
		};
		AAF547D51BD82FB40041D4EE /* Products */ = {
			isa = PBXGroup;
			children = (
				AAF547D41BD82FB40041D4EE /* RottenTomatoes.app */,
			);
			name = Products;
			sourceTree = "<group>";
		};
		AAF547D61BD82FB40041D4EE /* RottenTomatoes */ = {
			isa = PBXGroup;
			children = (
				AAF547EE1BD8301E0041D4EE /* MoviesTableViewCell.h */,
				AAF547EF1BD8301E0041D4EE /* MoviesTableViewCell.m */,
				AAF547DA1BD82FB40041D4EE /* AppDelegate.h */,
				AAF547DB1BD82FB40041D4EE /* AppDelegate.m */,
				AAF547DD1BD82FB40041D4EE /* MoviesViewController.h */,
				AAF547F11BD866BE0041D4EE /* MovieDetailsViewController.h */,
				AAF547F21BD866BE0041D4EE /* MovieDetailsViewController.m */,
				AAF547DE1BD82FB40041D4EE /* MoviesViewController.m */,
				AAF547E01BD82FB40041D4EE /* Main.storyboard */,
				AAF547E31BD82FB40041D4EE /* Assets.xcassets */,
				AAF547E51BD82FB40041D4EE /* LaunchScreen.storyboard */,
				AAF547E81BD82FB40041D4EE /* Info.plist */,
				AAF547D71BD82FB40041D4EE /* Supporting Files */,
			);
			path = RottenTomatoes;
			sourceTree = "<group>";
		};
		AAF547D71BD82FB40041D4EE /* Supporting Files */ = {
			isa = PBXGroup;
			children = (
				AAF547D81BD82FB40041D4EE /* main.m */,
			);
			name = "Supporting Files";
			sourceTree = "<group>";
		};
/* End PBXGroup section */

/* Begin PBXNativeTarget section */
		AAF547D31BD82FB40041D4EE /* RottenTomatoes */ = {
			isa = PBXNativeTarget;
			buildConfigurationList = AAF547EB1BD82FB40041D4EE /* Build configuration list for PBXNativeTarget "RottenTomatoes" */;
			buildPhases = (
				F04B1C1CFFF9A4E978D515E1 /* Check Pods Manifest.lock */,
				AAF547D01BD82FB40041D4EE /* Sources */,
				AAF547D11BD82FB40041D4EE /* Frameworks */,
				AAF547D21BD82FB40041D4EE /* Resources */,
				C3DBE29AB016CD51B3F3D991 /* Embed Pods Frameworks */,
				8CD595F09ACFA2410C354C1C /* Copy Pods Resources */,
			);
			buildRules = (
			);
			dependencies = (
			);
			name = RottenTomatoes;
			productName = RottenTomatoes;
			productReference = AAF547D41BD82FB40041D4EE /* RottenTomatoes.app */;
			productType = "com.apple.product-type.application";
		};
/* End PBXNativeTarget section */

/* Begin PBXProject section */
		AAF547CC1BD82FB40041D4EE /* Project object */ = {
			isa = PBXProject;
			attributes = {
				LastUpgradeCheck = 0700;
				ORGANIZATIONNAME = "Steve Mitchell";
				TargetAttributes = {
					AAF547D31BD82FB40041D4EE = {
						CreatedOnToolsVersion = 7.0.1;
					};
				};
			};
			buildConfigurationList = AAF547CF1BD82FB40041D4EE /* Build configuration list for PBXProject "RottenTomatoes" */;
			compatibilityVersion = "Xcode 3.2";
			developmentRegion = English;
			hasScannedForEncodings = 0;
			knownRegions = (
				en,
				Base,
			);
			mainGroup = AAF547CB1BD82FB40041D4EE;
			productRefGroup = AAF547D51BD82FB40041D4EE /* Products */;
			projectDirPath = "";
			projectRoot = "";
			targets = (
				AAF547D31BD82FB40041D4EE /* RottenTomatoes */,
			);
		};
/* End PBXProject section */

/* Begin PBXResourcesBuildPhase section */
		AAF547D21BD82FB40041D4EE /* Resources */ = {
			isa = PBXResourcesBuildPhase;
			buildActionMask = 2147483647;
			files = (
				AAF547E71BD82FB40041D4EE /* LaunchScreen.storyboard in Resources */,
				AAF547E41BD82FB40041D4EE /* Assets.xcassets in Resources */,
				AAF547E21BD82FB40041D4EE /* Main.storyboard in Resources */,
			);
			runOnlyForDeploymentPostprocessing = 0;
		};
/* End PBXResourcesBuildPhase section */

/* Begin PBXShellScriptBuildPhase section */
		8CD595F09ACFA2410C354C1C /* Copy Pods Resources */ = {
			isa = PBXShellScriptBuildPhase;
			buildActionMask = 2147483647;
			files = (
			);
			inputPaths = (
			);
			name = "Copy Pods Resources";
			outputPaths = (
			);
			runOnlyForDeploymentPostprocessing = 0;
			shellPath = /bin/sh;
			shellScript = "\"${SRCROOT}/Pods/Target Support Files/Pods-RottenTomatoes/Pods-RottenTomatoes-resources.sh\"\n";
			showEnvVarsInLog = 0;
		};
		C3DBE29AB016CD51B3F3D991 /* Embed Pods Frameworks */ = {
			isa = PBXShellScriptBuildPhase;
			buildActionMask = 2147483647;
			files = (
			);
			inputPaths = (
			);
			name = "Embed Pods Frameworks";
			outputPaths = (
			);
			runOnlyForDeploymentPostprocessing = 0;
			shellPath = /bin/sh;
			shellScript = "\"${SRCROOT}/Pods/Target Support Files/Pods-RottenTomatoes/Pods-RottenTomatoes-frameworks.sh\"\n";
			showEnvVarsInLog = 0;
		};
		F04B1C1CFFF9A4E978D515E1 /* Check Pods Manifest.lock */ = {
			isa = PBXShellScriptBuildPhase;
			buildActionMask = 2147483647;
			files = (
			);
			inputPaths = (
			);
			name = "Check Pods Manifest.lock";
			outputPaths = (
			);
			runOnlyForDeploymentPostprocessing = 0;
			shellPath = /bin/sh;
			shellScript = "diff \"${PODS_ROOT}/../Podfile.lock\" \"${PODS_ROOT}/Manifest.lock\" > /dev/null\nif [[ $? != 0 ]] ; then\n    cat << EOM\nerror: The sandbox is not in sync with the Podfile.lock. Run 'pod install' or update your CocoaPods installation.\nEOM\n    exit 1\nfi\n";
			showEnvVarsInLog = 0;
		};
/* End PBXShellScriptBuildPhase section */

/* Begin PBXSourcesBuildPhase section */
		AAF547D01BD82FB40041D4EE /* Sources */ = {
			isa = PBXSourcesBuildPhase;
			buildActionMask = 2147483647;
			files = (
				AAF547F41BD866BE0041D4EE /* MovieDetailsViewController.m in Sources */,
				AAF547DF1BD82FB40041D4EE /* MoviesViewController.m in Sources */,
				AAF547DC1BD82FB40041D4EE /* AppDelegate.m in Sources */,
				AAF547F01BD8301E0041D4EE /* MoviesTableViewCell.m in Sources */,
				AAF547D91BD82FB40041D4EE /* main.m in Sources */,
			);
			runOnlyForDeploymentPostprocessing = 0;
		};
/* End PBXSourcesBuildPhase section */

/* Begin PBXVariantGroup section */
		AAF547E01BD82FB40041D4EE /* Main.storyboard */ = {
			isa = PBXVariantGroup;
			children = (
				AAF547E11BD82FB40041D4EE /* Base */,
			);
			name = Main.storyboard;
			sourceTree = "<group>";
		};
		AAF547E51BD82FB40041D4EE /* LaunchScreen.storyboard */ = {
			isa = PBXVariantGroup;
			children = (
				AAF547E61BD82FB40041D4EE /* Base */,
			);
			name = LaunchScreen.storyboard;
			sourceTree = "<group>";
		};
/* End PBXVariantGroup section */

/* Begin XCBuildConfiguration section */
		AAF547E91BD82FB40041D4EE /* Debug */ = {
			isa = XCBuildConfiguration;
			buildSettings = {
				ALWAYS_SEARCH_USER_PATHS = NO;
				CLANG_CXX_LANGUAGE_STANDARD = "gnu++0x";
				CLANG_CXX_LIBRARY = "libc++";
				CLANG_ENABLE_MODULES = YES;
				CLANG_ENABLE_OBJC_ARC = YES;
				CLANG_WARN_BOOL_CONVERSION = YES;
				CLANG_WARN_CONSTANT_CONVERSION = YES;
				CLANG_WARN_DIRECT_OBJC_ISA_USAGE = YES_ERROR;
				CLANG_WARN_EMPTY_BODY = YES;
				CLANG_WARN_ENUM_CONVERSION = YES;
				CLANG_WARN_INT_CONVERSION = YES;
				CLANG_WARN_OBJC_ROOT_CLASS = YES_ERROR;
				CLANG_WARN_UNREACHABLE_CODE = YES;
				CLANG_WARN__DUPLICATE_METHOD_MATCH = YES;
				"CODE_SIGN_IDENTITY[sdk=iphoneos*]" = "iPhone Developer";
				COPY_PHASE_STRIP = NO;
				DEBUG_INFORMATION_FORMAT = dwarf;
				ENABLE_STRICT_OBJC_MSGSEND = YES;
				ENABLE_TESTABILITY = YES;
				GCC_C_LANGUAGE_STANDARD = gnu99;
				GCC_DYNAMIC_NO_PIC = NO;
				GCC_NO_COMMON_BLOCKS = YES;
				GCC_OPTIMIZATION_LEVEL = 0;
				GCC_PREPROCESSOR_DEFINITIONS = (
					"DEBUG=1",
					"$(inherited)",
				);
				GCC_WARN_64_TO_32_BIT_CONVERSION = YES;
				GCC_WARN_ABOUT_RETURN_TYPE = YES_ERROR;
				GCC_WARN_UNDECLARED_SELECTOR = YES;
				GCC_WARN_UNINITIALIZED_AUTOS = YES_AGGRESSIVE;
				GCC_WARN_UNUSED_FUNCTION = YES;
				GCC_WARN_UNUSED_VARIABLE = YES;
				IPHONEOS_DEPLOYMENT_TARGET = 9.0;
				MTL_ENABLE_DEBUG_INFO = YES;
				ONLY_ACTIVE_ARCH = YES;
				SDKROOT = iphoneos;
				TARGETED_DEVICE_FAMILY = "1,2";
			};
			name = Debug;
		};
		AAF547EA1BD82FB40041D4EE /* Release */ = {
			isa = XCBuildConfiguration;
			buildSettings = {
				ALWAYS_SEARCH_USER_PATHS = NO;
				CLANG_CXX_LANGUAGE_STANDARD = "gnu++0x";
				CLANG_CXX_LIBRARY = "libc++";
				CLANG_ENABLE_MODULES = YES;
				CLANG_ENABLE_OBJC_ARC = YES;
				CLANG_WARN_BOOL_CONVERSION = YES;
				CLANG_WARN_CONSTANT_CONVERSION = YES;
				CLANG_WARN_DIRECT_OBJC_ISA_USAGE = YES_ERROR;
				CLANG_WARN_EMPTY_BODY = YES;
				CLANG_WARN_ENUM_CONVERSION = YES;
				CLANG_WARN_INT_CONVERSION = YES;
				CLANG_WARN_OBJC_ROOT_CLASS = YES_ERROR;
				CLANG_WARN_UNREACHABLE_CODE = YES;
				CLANG_WARN__DUPLICATE_METHOD_MATCH = YES;
				"CODE_SIGN_IDENTITY[sdk=iphoneos*]" = "iPhone Developer";
				COPY_PHASE_STRIP = NO;
				DEBUG_INFORMATION_FORMAT = "dwarf-with-dsym";
				ENABLE_NS_ASSERTIONS = NO;
				ENABLE_STRICT_OBJC_MSGSEND = YES;
				GCC_C_LANGUAGE_STANDARD = gnu99;
				GCC_NO_COMMON_BLOCKS = YES;
				GCC_WARN_64_TO_32_BIT_CONVERSION = YES;
				GCC_WARN_ABOUT_RETURN_TYPE = YES_ERROR;
				GCC_WARN_UNDECLARED_SELECTOR = YES;
				GCC_WARN_UNINITIALIZED_AUTOS = YES_AGGRESSIVE;
				GCC_WARN_UNUSED_FUNCTION = YES;
				GCC_WARN_UNUSED_VARIABLE = YES;
				IPHONEOS_DEPLOYMENT_TARGET = 9.0;
				MTL_ENABLE_DEBUG_INFO = NO;
				SDKROOT = iphoneos;
				TARGETED_DEVICE_FAMILY = "1,2";
				VALIDATE_PRODUCT = YES;
			};
			name = Release;
		};
		AAF547EC1BD82FB40041D4EE /* Debug */ = {
			isa = XCBuildConfiguration;
			baseConfigurationReference = 01E1ECF5877BF58361D64DAB /* Pods-RottenTomatoes.debug.xcconfig */;
			buildSettings = {
				ASSETCATALOG_COMPILER_APPICON_NAME = AppIcon;
				INFOPLIST_FILE = RottenTomatoes/Info.plist;
				LD_RUNPATH_SEARCH_PATHS = "$(inherited) @executable_path/Frameworks";
				PRODUCT_BUNDLE_IDENTIFIER = "Steve-Mitchell.RottenTomatoes";
				PRODUCT_NAME = "$(TARGET_NAME)";
			};
			name = Debug;
		};
		AAF547ED1BD82FB40041D4EE /* Release */ = {
			isa = XCBuildConfiguration;
			baseConfigurationReference = B1BD1549BB12FEADE3DC9D6A /* Pods-RottenTomatoes.release.xcconfig */;
			buildSettings = {
				ASSETCATALOG_COMPILER_APPICON_NAME = AppIcon;
				INFOPLIST_FILE = RottenTomatoes/Info.plist;
				LD_RUNPATH_SEARCH_PATHS = "$(inherited) @executable_path/Frameworks";
				PRODUCT_BUNDLE_IDENTIFIER = "Steve-Mitchell.RottenTomatoes";
				PRODUCT_NAME = "$(TARGET_NAME)";
			};
			name = Release;
		};
/* End XCBuildConfiguration section */

/* Begin XCConfigurationList section */
		AAF547CF1BD82FB40041D4EE /* Build configuration list for PBXProject "RottenTomatoes" */ = {
			isa = XCConfigurationList;
			buildConfigurations = (
				AAF547E91BD82FB40041D4EE /* Debug */,
				AAF547EA1BD82FB40041D4EE /* Release */,
			);
			defaultConfigurationIsVisible = 0;
			defaultConfigurationName = Release;
		};
		AAF547EB1BD82FB40041D4EE /* Build configuration list for PBXNativeTarget "RottenTomatoes" */ = {
			isa = XCConfigurationList;
			buildConfigurations = (
				AAF547EC1BD82FB40041D4EE /* Debug */,
				AAF547ED1BD82FB40041D4EE /* Release */,
			);
			defaultConfigurationIsVisible = 0;
			defaultConfigurationName = Release;
		};
/* End XCConfigurationList section */
	};
	rootObject = AAF547CC1BD82FB40041D4EE /* Project object */;
}
